<?xml version="1.0" encoding="UTF-8"?>
<!DOCTYPE plist PUBLIC "-//Apple//DTD PLIST 1.0//EN" "http://www.apple.com/DTDs/PropertyList-1.0.dtd">
<plist version="1.0">
<dict>
	<key>archiveVersion</key>
	<string>1</string>
	<key>classes</key>
	<dict/>
	<key>objectVersion</key>
	<string>46</string>
	<key>objects</key>
	<dict>
		<key>0D834BD5E48D6C08BDE0B323</key>
		<dict>
			<key>includeInIndex</key>
			<string>1</string>
			<key>isa</key>
			<string>PBXFileReference</string>
			<key>lastKnownFileType</key>
			<string>text.xcconfig</string>
			<key>name</key>
			<string>Pods-Photorama.release.xcconfig</string>
			<key>path</key>
			<string>Pods/Target Support Files/Pods-Photorama/Pods-Photorama.release.xcconfig</string>
			<key>sourceTree</key>
			<string>&lt;group&gt;</string>
		</dict>
		<key>20D075FAF379C247BEABFE9B</key>
		<dict>
			<key>buildActionMask</key>
			<string>2147483647</string>
			<key>files</key>
			<array/>
			<key>inputPaths</key>
			<array/>
			<key>isa</key>
			<string>PBXShellScriptBuildPhase</string>
			<key>name</key>
			<string>Check Pods Manifest.lock</string>
			<key>outputPaths</key>
			<array/>
			<key>runOnlyForDeploymentPostprocessing</key>
			<string>0</string>
			<key>shellPath</key>
			<string>/bin/sh</string>
			<key>shellScript</key>
			<string>diff "${PODS_ROOT}/../Podfile.lock" "${PODS_ROOT}/Manifest.lock" &gt; /dev/null
if [[ $? != 0 ]] ; then
    cat &lt;&lt; EOM
error: The sandbox is not in sync with the Podfile.lock. Run 'pod install' or update your CocoaPods installation.
EOM
    exit 1
fi
</string>
			<key>showEnvVarsInLog</key>
			<string>0</string>
		</dict>
		<key>44D1FDCC4D65EC2381C0F22D</key>
		<dict>
			<key>explicitFileType</key>
			<string>wrapper.framework</string>
			<key>includeInIndex</key>
			<string>0</string>
			<key>isa</key>
			<string>PBXFileReference</string>
			<key>path</key>
			<string>Pods_Photorama.framework</string>
			<key>sourceTree</key>
			<string>BUILT_PRODUCTS_DIR</string>
		</dict>
		<key>44D9614472B31E304512B5BB</key>
		<dict>
			<key>includeInIndex</key>
			<string>1</string>
			<key>isa</key>
			<string>PBXFileReference</string>
			<key>lastKnownFileType</key>
			<string>text.xcconfig</string>
			<key>name</key>
			<string>Pods-Photorama.debug.xcconfig</string>
			<key>path</key>
			<string>Pods/Target Support Files/Pods-Photorama/Pods-Photorama.debug.xcconfig</string>
			<key>sourceTree</key>
			<string>&lt;group&gt;</string>
		</dict>
		<key>58B706C50E2C02DF46937515</key>
		<dict>
			<key>children</key>
			<array>
				<string>44D1FDCC4D65EC2381C0F22D</string>
			</array>
			<key>isa</key>
			<string>PBXGroup</string>
			<key>name</key>
			<string>Frameworks</string>
			<key>sourceTree</key>
			<string>&lt;group&gt;</string>
		</dict>
		<key>74BE569EA01D1E08DDB9BEED</key>
		<dict>
			<key>fileRef</key>
			<string>44D1FDCC4D65EC2381C0F22D</string>
			<key>isa</key>
			<string>PBXBuildFile</string>
		</dict>
		<key>AD582B371EA7945EF2AF8F7E</key>
		<dict>
			<key>children</key>
			<array>
				<string>44D9614472B31E304512B5BB</string>
				<string>0D834BD5E48D6C08BDE0B323</string>
			</array>
			<key>isa</key>
			<string>PBXGroup</string>
			<key>name</key>
			<string>Pods</string>
			<key>sourceTree</key>
			<string>&lt;group&gt;</string>
		</dict>
		<key>C735600C56A8BBB841BC163A</key>
		<dict>
			<key>buildActionMask</key>
			<string>2147483647</string>
			<key>files</key>
			<array/>
			<key>inputPaths</key>
			<array/>
			<key>isa</key>
			<string>PBXShellScriptBuildPhase</string>
			<key>name</key>
			<string>Embed Pods Frameworks</string>
			<key>outputPaths</key>
			<array/>
			<key>runOnlyForDeploymentPostprocessing</key>
			<string>0</string>
			<key>shellPath</key>
			<string>/bin/sh</string>
			<key>shellScript</key>
			<string>"${SRCROOT}/Pods/Target Support Files/Pods-Photorama/Pods-Photorama-frameworks.sh"
</string>
			<key>showEnvVarsInLog</key>
			<string>0</string>
		</dict>
		<key>DC37677F394623855E15E24C</key>
		<dict>
			<key>buildActionMask</key>
			<string>2147483647</string>
			<key>files</key>
			<array/>
			<key>inputPaths</key>
			<array/>
			<key>isa</key>
			<string>PBXShellScriptBuildPhase</string>
			<key>name</key>
			<string>Copy Pods Resources</string>
			<key>outputPaths</key>
			<array/>
			<key>runOnlyForDeploymentPostprocessing</key>
			<string>0</string>
			<key>shellPath</key>
			<string>/bin/sh</string>
			<key>shellScript</key>
			<string>"${SRCROOT}/Pods/Target Support Files/Pods-Photorama/Pods-Photorama-resources.sh"
</string>
			<key>showEnvVarsInLog</key>
			<string>0</string>
		</dict>
		<key>E31D9AE51CD80B0700A80FBC</key>
		<dict>
			<key>children</key>
			<array>
				<string>E31D9AF01CD80B0700A80FBC</string>
				<string>E31D9B081CD80B0700A80FBC</string>
				<string>E31D9B131CD80B0700A80FBC</string>
				<string>E31D9AEF1CD80B0700A80FBC</string>
				<string>AD582B371EA7945EF2AF8F7E</string>
				<string>58B706C50E2C02DF46937515</string>
			</array>
			<key>isa</key>
			<string>PBXGroup</string>
			<key>sourceTree</key>
			<string>&lt;group&gt;</string>
		</dict>
		<key>E31D9AE61CD80B0700A80FBC</key>
		<dict>
			<key>attributes</key>
			<dict>
				<key>LastSwiftUpdateCheck</key>
				<string>0730</string>
				<key>LastUpgradeCheck</key>
				<string>0730</string>
				<key>ORGANIZATIONNAME</key>
				<string>Jeremy Broutin</string>
				<key>TargetAttributes</key>
				<dict>
					<key>E31D9AED1CD80B0700A80FBC</key>
					<dict>
						<key>CreatedOnToolsVersion</key>
						<string>7.3</string>
						<key>DevelopmentTeam</key>
						<string>4QSA42CC68</string>
					</dict>
					<key>E31D9B041CD80B0700A80FBC</key>
					<dict>
						<key>CreatedOnToolsVersion</key>
						<string>7.3</string>
						<key>TestTargetID</key>
						<string>E31D9AED1CD80B0700A80FBC</string>
					</dict>
					<key>E31D9B0F1CD80B0700A80FBC</key>
					<dict>
						<key>CreatedOnToolsVersion</key>
						<string>7.3</string>
						<key>TestTargetID</key>
						<string>E31D9AED1CD80B0700A80FBC</string>
					</dict>
				</dict>
			</dict>
			<key>buildConfigurationList</key>
			<string>E31D9AE91CD80B0700A80FBC</string>
			<key>compatibilityVersion</key>
			<string>Xcode 3.2</string>
			<key>developmentRegion</key>
			<string>English</string>
			<key>hasScannedForEncodings</key>
			<string>0</string>
			<key>isa</key>
			<string>PBXProject</string>
			<key>knownRegions</key>
			<array>
				<string>en</string>
				<string>Base</string>
			</array>
			<key>mainGroup</key>
			<string>E31D9AE51CD80B0700A80FBC</string>
			<key>productRefGroup</key>
			<string>E31D9AEF1CD80B0700A80FBC</string>
			<key>projectDirPath</key>
			<string></string>
			<key>projectReferences</key>
			<array/>
			<key>projectRoot</key>
			<string></string>
			<key>targets</key>
			<array>
				<string>E31D9AED1CD80B0700A80FBC</string>
				<string>E31D9B041CD80B0700A80FBC</string>
				<string>E31D9B0F1CD80B0700A80FBC</string>
			</array>
		</dict>
		<key>E31D9AE91CD80B0700A80FBC</key>
		<dict>
			<key>buildConfigurations</key>
			<array>
				<string>E31D9B171CD80B0700A80FBC</string>
				<string>E31D9B181CD80B0700A80FBC</string>
			</array>
			<key>defaultConfigurationIsVisible</key>
			<string>0</string>
			<key>defaultConfigurationName</key>
			<string>Release</string>
			<key>isa</key>
			<string>XCConfigurationList</string>
		</dict>
		<key>E31D9AEA1CD80B0700A80FBC</key>
		<dict>
			<key>buildActionMask</key>
			<string>2147483647</string>
			<key>files</key>
			<array>
				<string>E33AEB8B1D528F1B00AEEF40</string>
				<string>E33AEB8F1D52B84B00AEEF40</string>
				<string>E31D9B6C1CD97A5A00A80FBC</string>
				<string>E31D9B6A1CD976D200A80FBC</string>
				<string>E31D9B271CD8112E00A80FBC</string>
				<string>E31D9B231CD80B5F00A80FBC</string>
				<string>E3E986731CE3ED050085C233</string>
				<string>E31D9AF21CD80B0700A80FBC</string>
				<string>E326E1B41CE6A264006BF211</string>
				<string>E3E986751CE3EF520085C233</string>
				<string>E31D9AFA1CD80B0700A80FBC</string>
				<string>E31D9B251CD80CA900A80FBC</string>
				<string>E33AEB8D1D52B7D600AEEF40</string>
				<string>E3E9866F1CE156440085C233</string>
				<string>E326E1B21CE69F6A006BF211</string>
			</array>
			<key>isa</key>
			<string>PBXSourcesBuildPhase</string>
			<key>runOnlyForDeploymentPostprocessing</key>
			<string>0</string>
		</dict>
		<key>E31D9AEB1CD80B0700A80FBC</key>
		<dict>
			<key>buildActionMask</key>
			<string>2147483647</string>
			<key>files</key>
			<array>
				<string>74BE569EA01D1E08DDB9BEED</string>
			</array>
			<key>isa</key>
			<string>PBXFrameworksBuildPhase</string>
			<key>runOnlyForDeploymentPostprocessing</key>
			<string>0</string>
		</dict>
		<key>E31D9AEC1CD80B0700A80FBC</key>
		<dict>
			<key>buildActionMask</key>
			<string>2147483647</string>
			<key>files</key>
			<array>
				<string>E31D9AFF1CD80B0700A80FBC</string>
				<string>E31D9AFC1CD80B0700A80FBC</string>
				<string>E31D9AF71CD80B0700A80FBC</string>
			</array>
			<key>isa</key>
			<string>PBXResourcesBuildPhase</string>
			<key>runOnlyForDeploymentPostprocessing</key>
			<string>0</string>
		</dict>
		<key>E31D9AED1CD80B0700A80FBC</key>
		<dict>
			<key>buildConfigurationList</key>
			<string>E31D9B191CD80B0700A80FBC</string>
			<key>buildPhases</key>
			<array>
				<string>20D075FAF379C247BEABFE9B</string>
				<string>E31D9AEA1CD80B0700A80FBC</string>
				<string>E31D9AEB1CD80B0700A80FBC</string>
				<string>E31D9AEC1CD80B0700A80FBC</string>
				<string>C735600C56A8BBB841BC163A</string>
				<string>DC37677F394623855E15E24C</string>
			</array>
			<key>buildRules</key>
			<array/>
			<key>dependencies</key>
			<array/>
			<key>isa</key>
			<string>PBXNativeTarget</string>
			<key>name</key>
			<string>Photorama</string>
			<key>productName</key>
			<string>Photorama</string>
			<key>productReference</key>
			<string>E31D9AEE1CD80B0700A80FBC</string>
			<key>productType</key>
			<string>com.apple.product-type.application</string>
		</dict>
		<key>E31D9AEE1CD80B0700A80FBC</key>
		<dict>
			<key>explicitFileType</key>
			<string>wrapper.application</string>
			<key>includeInIndex</key>
			<string>0</string>
			<key>isa</key>
			<string>PBXFileReference</string>
			<key>path</key>
			<string>Photorama.app</string>
			<key>sourceTree</key>
			<string>BUILT_PRODUCTS_DIR</string>
		</dict>
		<key>E31D9AEF1CD80B0700A80FBC</key>
		<dict>
			<key>children</key>
			<array>
				<string>E31D9AEE1CD80B0700A80FBC</string>
				<string>E31D9B051CD80B0700A80FBC</string>
				<string>E31D9B101CD80B0700A80FBC</string>
			</array>
			<key>isa</key>
			<string>PBXGroup</string>
			<key>name</key>
			<string>Products</string>
			<key>sourceTree</key>
			<string>&lt;group&gt;</string>
		</dict>
		<key>E31D9AF01CD80B0700A80FBC</key>
		<dict>
			<key>children</key>
			<array>
				<string>E31D9AF11CD80B0700A80FBC</string>
				<string>E31D9B221CD80B5F00A80FBC</string>
				<string>E31D9B691CD976D200A80FBC</string>
				<string>E3E9866E1CE156440085C233</string>
				<string>E33AEB8C1D52B7D600AEEF40</string>
				<string>E33AEB8E1D52B84B00AEEF40</string>
				<string>E31D9AF51CD80B0700A80FBC</string>
				<string>E31D9AFB1CD80B0700A80FBC</string>
				<string>E31D9AFD1CD80B0700A80FBC</string>
				<string>E31D9B001CD80B0700A80FBC</string>
				<string>E31D9AF81CD80B0700A80FBC</string>
				<string>E31D9B241CD80CA900A80FBC</string>
				<string>E31D9B261CD8112E00A80FBC</string>
				<string>E31D9B6B1CD97A5A00A80FBC</string>
				<string>E3E986711CE3ED050085C233</string>
				<string>E326E1B31CE6A264006BF211</string>
				<string>E3E986741CE3EF520085C233</string>
				<string>E326E1B11CE69F6A006BF211</string>
				<string>E33AEB8A1D528F1B00AEEF40</string>
			</array>
			<key>isa</key>
			<string>PBXGroup</string>
			<key>path</key>
			<string>Photorama</string>
			<key>sourceTree</key>
			<string>&lt;group&gt;</string>
		</dict>
		<key>E31D9AF11CD80B0700A80FBC</key>
		<dict>
			<key>isa</key>
			<string>PBXFileReference</string>
			<key>lastKnownFileType</key>
			<string>sourcecode.swift</string>
			<key>path</key>
			<string>AppDelegate.swift</string>
			<key>sourceTree</key>
			<string>&lt;group&gt;</string>
		</dict>
		<key>E31D9AF21CD80B0700A80FBC</key>
		<dict>
			<key>fileRef</key>
			<string>E31D9AF11CD80B0700A80FBC</string>
			<key>isa</key>
			<string>PBXBuildFile</string>
		</dict>
		<key>E31D9AF51CD80B0700A80FBC</key>
		<dict>
			<key>children</key>
			<array>
				<string>E31D9AF61CD80B0700A80FBC</string>
			</array>
			<key>isa</key>
			<string>PBXVariantGroup</string>
			<key>name</key>
			<string>Main.storyboard</string>
			<key>sourceTree</key>
			<string>&lt;group&gt;</string>
		</dict>
		<key>E31D9AF61CD80B0700A80FBC</key>
		<dict>
			<key>isa</key>
			<string>PBXFileReference</string>
			<key>lastKnownFileType</key>
			<string>file.storyboard</string>
			<key>name</key>
			<string>Base</string>
			<key>path</key>
			<string>Base.lproj/Main.storyboard</string>
			<key>sourceTree</key>
			<string>&lt;group&gt;</string>
		</dict>
		<key>E31D9AF71CD80B0700A80FBC</key>
		<dict>
			<key>fileRef</key>
			<string>E31D9AF51CD80B0700A80FBC</string>
			<key>isa</key>
			<string>PBXBuildFile</string>
		</dict>
		<key>E31D9AF81CD80B0700A80FBC</key>
		<dict>
			<key>children</key>
			<array>
				<string>E31D9AF91CD80B0700A80FBC</string>
			</array>
			<key>currentVersion</key>
			<string>E31D9AF91CD80B0700A80FBC</string>
			<key>isa</key>
			<string>XCVersionGroup</string>
			<key>path</key>
			<string>Photorama.xcdatamodeld</string>
			<key>sourceTree</key>
			<string>&lt;group&gt;</string>
			<key>versionGroupType</key>
			<string>wrapper.xcdatamodel</string>
		</dict>
		<key>E31D9AF91CD80B0700A80FBC</key>
		<dict>
			<key>isa</key>
			<string>PBXFileReference</string>
			<key>lastKnownFileType</key>
			<string>wrapper.xcdatamodel</string>
			<key>path</key>
			<string>Photorama.xcdatamodel</string>
			<key>sourceTree</key>
			<string>&lt;group&gt;</string>
		</dict>
		<key>E31D9AFA1CD80B0700A80FBC</key>
		<dict>
			<key>fileRef</key>
			<string>E31D9AF81CD80B0700A80FBC</string>
			<key>isa</key>
			<string>PBXBuildFile</string>
		</dict>
		<key>E31D9AFB1CD80B0700A80FBC</key>
		<dict>
			<key>isa</key>
			<string>PBXFileReference</string>
			<key>lastKnownFileType</key>
			<string>folder.assetcatalog</string>
			<key>path</key>
			<string>Assets.xcassets</string>
			<key>sourceTree</key>
			<string>&lt;group&gt;</string>
		</dict>
		<key>E31D9AFC1CD80B0700A80FBC</key>
		<dict>
			<key>fileRef</key>
			<string>E31D9AFB1CD80B0700A80FBC</string>
			<key>isa</key>
			<string>PBXBuildFile</string>
		</dict>
		<key>E31D9AFD1CD80B0700A80FBC</key>
		<dict>
			<key>children</key>
			<array>
				<string>E31D9AFE1CD80B0700A80FBC</string>
			</array>
			<key>isa</key>
			<string>PBXVariantGroup</string>
			<key>name</key>
			<string>LaunchScreen.storyboard</string>
			<key>sourceTree</key>
			<string>&lt;group&gt;</string>
		</dict>
		<key>E31D9AFE1CD80B0700A80FBC</key>
		<dict>
			<key>isa</key>
			<string>PBXFileReference</string>
			<key>lastKnownFileType</key>
			<string>file.storyboard</string>
			<key>name</key>
			<string>Base</string>
			<key>path</key>
			<string>Base.lproj/LaunchScreen.storyboard</string>
			<key>sourceTree</key>
			<string>&lt;group&gt;</string>
		</dict>
		<key>E31D9AFF1CD80B0700A80FBC</key>
		<dict>
			<key>fileRef</key>
			<string>E31D9AFD1CD80B0700A80FBC</string>
			<key>isa</key>
			<string>PBXBuildFile</string>
		</dict>
		<key>E31D9B001CD80B0700A80FBC</key>
		<dict>
			<key>isa</key>
			<string>PBXFileReference</string>
			<key>lastKnownFileType</key>
			<string>text.plist.xml</string>
			<key>path</key>
			<string>Info.plist</string>
			<key>sourceTree</key>
			<string>&lt;group&gt;</string>
		</dict>
		<key>E31D9B011CD80B0700A80FBC</key>
		<dict>
			<key>buildActionMask</key>
			<string>2147483647</string>
			<key>files</key>
			<array>
				<string>E31D9B0A1CD80B0700A80FBC</string>
			</array>
			<key>isa</key>
			<string>PBXSourcesBuildPhase</string>
			<key>runOnlyForDeploymentPostprocessing</key>
			<string>0</string>
		</dict>
		<key>E31D9B021CD80B0700A80FBC</key>
		<dict>
			<key>buildActionMask</key>
			<string>2147483647</string>
			<key>files</key>
			<array/>
			<key>isa</key>
			<string>PBXFrameworksBuildPhase</string>
			<key>runOnlyForDeploymentPostprocessing</key>
			<string>0</string>
		</dict>
		<key>E31D9B031CD80B0700A80FBC</key>
		<dict>
			<key>buildActionMask</key>
			<string>2147483647</string>
			<key>files</key>
			<array/>
			<key>isa</key>
			<string>PBXResourcesBuildPhase</string>
			<key>runOnlyForDeploymentPostprocessing</key>
			<string>0</string>
		</dict>
		<key>E31D9B041CD80B0700A80FBC</key>
		<dict>
			<key>buildConfigurationList</key>
			<string>E31D9B1C1CD80B0700A80FBC</string>
			<key>buildPhases</key>
			<array>
				<string>E31D9B011CD80B0700A80FBC</string>
				<string>E31D9B021CD80B0700A80FBC</string>
				<string>E31D9B031CD80B0700A80FBC</string>
			</array>
			<key>buildRules</key>
			<array/>
			<key>dependencies</key>
			<array>
				<string>E31D9B071CD80B0700A80FBC</string>
			</array>
			<key>isa</key>
			<string>PBXNativeTarget</string>
			<key>name</key>
			<string>PhotoramaTests</string>
			<key>productName</key>
			<string>PhotoramaTests</string>
			<key>productReference</key>
			<string>E31D9B051CD80B0700A80FBC</string>
			<key>productType</key>
			<string>com.apple.product-type.bundle.unit-test</string>
		</dict>
		<key>E31D9B051CD80B0700A80FBC</key>
		<dict>
			<key>explicitFileType</key>
			<string>wrapper.cfbundle</string>
			<key>includeInIndex</key>
			<string>0</string>
			<key>isa</key>
			<string>PBXFileReference</string>
			<key>path</key>
			<string>PhotoramaTests.xctest</string>
			<key>sourceTree</key>
			<string>BUILT_PRODUCTS_DIR</string>
		</dict>
		<key>E31D9B061CD80B0700A80FBC</key>
		<dict>
			<key>containerPortal</key>
			<string>E31D9AE61CD80B0700A80FBC</string>
			<key>isa</key>
			<string>PBXContainerItemProxy</string>
			<key>proxyType</key>
			<string>1</string>
			<key>remoteGlobalIDString</key>
			<string>E31D9AED1CD80B0700A80FBC</string>
			<key>remoteInfo</key>
			<string>Photorama</string>
		</dict>
		<key>E31D9B071CD80B0700A80FBC</key>
		<dict>
			<key>isa</key>
			<string>PBXTargetDependency</string>
			<key>target</key>
			<string>E31D9AED1CD80B0700A80FBC</string>
			<key>targetProxy</key>
			<string>E31D9B061CD80B0700A80FBC</string>
		</dict>
		<key>E31D9B081CD80B0700A80FBC</key>
		<dict>
			<key>children</key>
			<array>
				<string>E31D9B091CD80B0700A80FBC</string>
				<string>E31D9B0B1CD80B0700A80FBC</string>
			</array>
			<key>isa</key>
			<string>PBXGroup</string>
			<key>path</key>
			<string>PhotoramaTests</string>
			<key>sourceTree</key>
			<string>&lt;group&gt;</string>
		</dict>
		<key>E31D9B091CD80B0700A80FBC</key>
		<dict>
			<key>isa</key>
			<string>PBXFileReference</string>
			<key>lastKnownFileType</key>
			<string>sourcecode.swift</string>
			<key>path</key>
			<string>PhotoramaTests.swift</string>
			<key>sourceTree</key>
			<string>&lt;group&gt;</string>
		</dict>
		<key>E31D9B0A1CD80B0700A80FBC</key>
		<dict>
			<key>fileRef</key>
			<string>E31D9B091CD80B0700A80FBC</string>
			<key>isa</key>
			<string>PBXBuildFile</string>
		</dict>
		<key>E31D9B0B1CD80B0700A80FBC</key>
		<dict>
			<key>isa</key>
			<string>PBXFileReference</string>
			<key>lastKnownFileType</key>
			<string>text.plist.xml</string>
			<key>path</key>
			<string>Info.plist</string>
			<key>sourceTree</key>
			<string>&lt;group&gt;</string>
		</dict>
		<key>E31D9B0C1CD80B0700A80FBC</key>
		<dict>
			<key>buildActionMask</key>
			<string>2147483647</string>
			<key>files</key>
			<array>
				<string>E31D9B151CD80B0700A80FBC</string>
			</array>
			<key>isa</key>
			<string>PBXSourcesBuildPhase</string>
			<key>runOnlyForDeploymentPostprocessing</key>
			<string>0</string>
		</dict>
		<key>E31D9B0D1CD80B0700A80FBC</key>
		<dict>
			<key>buildActionMask</key>
			<string>2147483647</string>
			<key>files</key>
			<array/>
			<key>isa</key>
			<string>PBXFrameworksBuildPhase</string>
			<key>runOnlyForDeploymentPostprocessing</key>
			<string>0</string>
		</dict>
		<key>E31D9B0E1CD80B0700A80FBC</key>
		<dict>
			<key>buildActionMask</key>
			<string>2147483647</string>
			<key>files</key>
			<array/>
			<key>isa</key>
			<string>PBXResourcesBuildPhase</string>
			<key>runOnlyForDeploymentPostprocessing</key>
			<string>0</string>
		</dict>
		<key>E31D9B0F1CD80B0700A80FBC</key>
		<dict>
			<key>buildConfigurationList</key>
			<string>E31D9B1F1CD80B0700A80FBC</string>
			<key>buildPhases</key>
			<array>
				<string>E31D9B0C1CD80B0700A80FBC</string>
				<string>E31D9B0D1CD80B0700A80FBC</string>
				<string>E31D9B0E1CD80B0700A80FBC</string>
			</array>
			<key>buildRules</key>
			<array/>
			<key>dependencies</key>
			<array>
				<string>E31D9B121CD80B0700A80FBC</string>
			</array>
			<key>isa</key>
			<string>PBXNativeTarget</string>
			<key>name</key>
			<string>PhotoramaUITests</string>
			<key>productName</key>
			<string>PhotoramaUITests</string>
			<key>productReference</key>
			<string>E31D9B101CD80B0700A80FBC</string>
			<key>productType</key>
			<string>com.apple.product-type.bundle.ui-testing</string>
		</dict>
		<key>E31D9B101CD80B0700A80FBC</key>
		<dict>
			<key>explicitFileType</key>
			<string>wrapper.cfbundle</string>
			<key>includeInIndex</key>
			<string>0</string>
			<key>isa</key>
			<string>PBXFileReference</string>
			<key>path</key>
			<string>PhotoramaUITests.xctest</string>
			<key>sourceTree</key>
			<string>BUILT_PRODUCTS_DIR</string>
		</dict>
		<key>E31D9B111CD80B0700A80FBC</key>
		<dict>
			<key>containerPortal</key>
			<string>E31D9AE61CD80B0700A80FBC</string>
			<key>isa</key>
			<string>PBXContainerItemProxy</string>
			<key>proxyType</key>
			<string>1</string>
			<key>remoteGlobalIDString</key>
			<string>E31D9AED1CD80B0700A80FBC</string>
			<key>remoteInfo</key>
			<string>Photorama</string>
		</dict>
		<key>E31D9B121CD80B0700A80FBC</key>
		<dict>
			<key>isa</key>
			<string>PBXTargetDependency</string>
			<key>target</key>
			<string>E31D9AED1CD80B0700A80FBC</string>
			<key>targetProxy</key>
			<string>E31D9B111CD80B0700A80FBC</string>
		</dict>
		<key>E31D9B131CD80B0700A80FBC</key>
		<dict>
			<key>children</key>
			<array>
				<string>E31D9B141CD80B0700A80FBC</string>
				<string>E31D9B161CD80B0700A80FBC</string>
			</array>
			<key>isa</key>
			<string>PBXGroup</string>
			<key>path</key>
			<string>PhotoramaUITests</string>
			<key>sourceTree</key>
			<string>&lt;group&gt;</string>
		</dict>
		<key>E31D9B141CD80B0700A80FBC</key>
		<dict>
			<key>isa</key>
			<string>PBXFileReference</string>
			<key>lastKnownFileType</key>
			<string>sourcecode.swift</string>
			<key>path</key>
			<string>PhotoramaUITests.swift</string>
			<key>sourceTree</key>
			<string>&lt;group&gt;</string>
		</dict>
		<key>E31D9B151CD80B0700A80FBC</key>
		<dict>
			<key>fileRef</key>
			<string>E31D9B141CD80B0700A80FBC</string>
			<key>isa</key>
			<string>PBXBuildFile</string>
		</dict>
		<key>E31D9B161CD80B0700A80FBC</key>
		<dict>
			<key>isa</key>
			<string>PBXFileReference</string>
			<key>lastKnownFileType</key>
			<string>text.plist.xml</string>
			<key>path</key>
			<string>Info.plist</string>
			<key>sourceTree</key>
			<string>&lt;group&gt;</string>
		</dict>
		<key>E31D9B171CD80B0700A80FBC</key>
		<dict>
			<key>buildSettings</key>
			<dict>
				<key>ALWAYS_SEARCH_USER_PATHS</key>
				<string>NO</string>
				<key>CLANG_ANALYZER_NONNULL</key>
				<string>YES</string>
				<key>CLANG_CXX_LANGUAGE_STANDARD</key>
				<string>gnu++0x</string>
				<key>CLANG_CXX_LIBRARY</key>
				<string>libc++</string>
				<key>CLANG_ENABLE_MODULES</key>
				<string>YES</string>
				<key>CLANG_ENABLE_OBJC_ARC</key>
				<string>YES</string>
				<key>CLANG_WARN_BOOL_CONVERSION</key>
				<string>YES</string>
				<key>CLANG_WARN_CONSTANT_CONVERSION</key>
				<string>YES</string>
				<key>CLANG_WARN_DIRECT_OBJC_ISA_USAGE</key>
				<string>YES_ERROR</string>
				<key>CLANG_WARN_EMPTY_BODY</key>
				<string>YES</string>
				<key>CLANG_WARN_ENUM_CONVERSION</key>
				<string>YES</string>
				<key>CLANG_WARN_INT_CONVERSION</key>
				<string>YES</string>
				<key>CLANG_WARN_OBJC_ROOT_CLASS</key>
				<string>YES_ERROR</string>
				<key>CLANG_WARN_UNREACHABLE_CODE</key>
				<string>YES</string>
				<key>CLANG_WARN__DUPLICATE_METHOD_MATCH</key>
				<string>YES</string>
				<key>CODE_SIGN_IDENTITY</key>
				<string></string>
				<key>CODE_SIGN_IDENTITY[sdk=iphoneos*]</key>
				<string></string>
				<key>COPY_PHASE_STRIP</key>
				<string>NO</string>
				<key>DEBUG_INFORMATION_FORMAT</key>
				<string>dwarf</string>
				<key>ENABLE_STRICT_OBJC_MSGSEND</key>
				<string>YES</string>
				<key>ENABLE_TESTABILITY</key>
				<string>YES</string>
				<key>GCC_C_LANGUAGE_STANDARD</key>
				<string>gnu99</string>
				<key>GCC_DYNAMIC_NO_PIC</key>
				<string>NO</string>
				<key>GCC_NO_COMMON_BLOCKS</key>
				<string>YES</string>
				<key>GCC_OPTIMIZATION_LEVEL</key>
				<string>0</string>
				<key>GCC_PREPROCESSOR_DEFINITIONS</key>
				<array>
					<string>DEBUG=1</string>
					<string>$(inherited)</string>
				</array>
				<key>GCC_WARN_64_TO_32_BIT_CONVERSION</key>
				<string>YES</string>
				<key>GCC_WARN_ABOUT_RETURN_TYPE</key>
				<string>YES_ERROR</string>
				<key>GCC_WARN_UNDECLARED_SELECTOR</key>
				<string>YES</string>
				<key>GCC_WARN_UNINITIALIZED_AUTOS</key>
				<string>YES_AGGRESSIVE</string>
				<key>GCC_WARN_UNUSED_FUNCTION</key>
				<string>YES</string>
				<key>GCC_WARN_UNUSED_VARIABLE</key>
				<string>YES</string>
				<key>IPHONEOS_DEPLOYMENT_TARGET</key>
				<string>9.3</string>
				<key>MTL_ENABLE_DEBUG_INFO</key>
				<string>YES</string>
				<key>ONLY_ACTIVE_ARCH</key>
				<string>YES</string>
				<key>SDKROOT</key>
				<string>iphoneos</string>
				<key>SWIFT_OPTIMIZATION_LEVEL</key>
				<string>-Onone</string>
				<key>TARGETED_DEVICE_FAMILY</key>
				<string>1,2</string>
			</dict>
			<key>isa</key>
			<string>XCBuildConfiguration</string>
			<key>name</key>
			<string>Debug</string>
		</dict>
		<key>E31D9B181CD80B0700A80FBC</key>
		<dict>
			<key>buildSettings</key>
			<dict>
				<key>ALWAYS_SEARCH_USER_PATHS</key>
				<string>NO</string>
				<key>CLANG_ANALYZER_NONNULL</key>
				<string>YES</string>
				<key>CLANG_CXX_LANGUAGE_STANDARD</key>
				<string>gnu++0x</string>
				<key>CLANG_CXX_LIBRARY</key>
				<string>libc++</string>
				<key>CLANG_ENABLE_MODULES</key>
				<string>YES</string>
				<key>CLANG_ENABLE_OBJC_ARC</key>
				<string>YES</string>
				<key>CLANG_WARN_BOOL_CONVERSION</key>
				<string>YES</string>
				<key>CLANG_WARN_CONSTANT_CONVERSION</key>
				<string>YES</string>
				<key>CLANG_WARN_DIRECT_OBJC_ISA_USAGE</key>
				<string>YES_ERROR</string>
				<key>CLANG_WARN_EMPTY_BODY</key>
				<string>YES</string>
				<key>CLANG_WARN_ENUM_CONVERSION</key>
				<string>YES</string>
				<key>CLANG_WARN_INT_CONVERSION</key>
				<string>YES</string>
				<key>CLANG_WARN_OBJC_ROOT_CLASS</key>
				<string>YES_ERROR</string>
				<key>CLANG_WARN_UNREACHABLE_CODE</key>
				<string>YES</string>
				<key>CLANG_WARN__DUPLICATE_METHOD_MATCH</key>
				<string>YES</string>
				<key>CODE_SIGN_IDENTITY</key>
				<string></string>
				<key>CODE_SIGN_IDENTITY[sdk=iphoneos*]</key>
				<string></string>
				<key>COPY_PHASE_STRIP</key>
				<string>NO</string>
				<key>DEBUG_INFORMATION_FORMAT</key>
				<string>dwarf-with-dsym</string>
				<key>ENABLE_NS_ASSERTIONS</key>
				<string>NO</string>
				<key>ENABLE_STRICT_OBJC_MSGSEND</key>
				<string>YES</string>
				<key>GCC_C_LANGUAGE_STANDARD</key>
				<string>gnu99</string>
				<key>GCC_NO_COMMON_BLOCKS</key>
				<string>YES</string>
				<key>GCC_WARN_64_TO_32_BIT_CONVERSION</key>
				<string>YES</string>
				<key>GCC_WARN_ABOUT_RETURN_TYPE</key>
				<string>YES_ERROR</string>
				<key>GCC_WARN_UNDECLARED_SELECTOR</key>
				<string>YES</string>
				<key>GCC_WARN_UNINITIALIZED_AUTOS</key>
				<string>YES_AGGRESSIVE</string>
				<key>GCC_WARN_UNUSED_FUNCTION</key>
				<string>YES</string>
				<key>GCC_WARN_UNUSED_VARIABLE</key>
				<string>YES</string>
				<key>IPHONEOS_DEPLOYMENT_TARGET</key>
				<string>9.3</string>
				<key>MTL_ENABLE_DEBUG_INFO</key>
				<string>NO</string>
				<key>SDKROOT</key>
				<string>iphoneos</string>
				<key>TARGETED_DEVICE_FAMILY</key>
				<string>1,2</string>
				<key>VALIDATE_PRODUCT</key>
				<string>YES</string>
			</dict>
			<key>isa</key>
			<string>XCBuildConfiguration</string>
			<key>name</key>
			<string>Release</string>
		</dict>
		<key>E31D9B191CD80B0700A80FBC</key>
		<dict>
			<key>buildConfigurations</key>
			<array>
				<string>E31D9B1A1CD80B0700A80FBC</string>
				<string>E31D9B1B1CD80B0700A80FBC</string>
			</array>
			<key>defaultConfigurationIsVisible</key>
			<string>0</string>
			<key>defaultConfigurationName</key>
			<string>Release</string>
			<key>isa</key>
			<string>XCConfigurationList</string>
		</dict>
		<key>E31D9B1A1CD80B0700A80FBC</key>
		<dict>
			<key>baseConfigurationReference</key>
			<string>44D9614472B31E304512B5BB</string>
			<key>buildSettings</key>
			<dict>
				<key>ASSETCATALOG_COMPILER_APPICON_NAME</key>
				<string>AppIcon</string>
				<key>CODE_SIGN_IDENTITY</key>
				<string>iPhone Developer: J&#233;r&#233;my Broutin (WXFW3JRERG)</string>
				<key>CODE_SIGN_IDENTITY[sdk=iphoneos*]</key>
				<string>iPhone Developer: J&#233;r&#233;my Broutin (WXFW3JRERG)</string>
				<key>INFOPLIST_FILE</key>
				<string>Photorama/Info.plist</string>
				<key>LD_RUNPATH_SEARCH_PATHS</key>
				<string>$(inherited) @executable_path/Frameworks</string>
				<key>PRODUCT_BUNDLE_IDENTIFIER</key>
				<string>com.jeremybroutin.photorama</string>
				<key>PRODUCT_NAME</key>
				<string>$(TARGET_NAME)</string>
				<key>PROVISIONING_PROFILE</key>
				<string></string>
				<key>TARGETED_DEVICE_FAMILY</key>
				<string>1</string>
			</dict>
			<key>isa</key>
			<string>XCBuildConfiguration</string>
			<key>name</key>
			<string>Debug</string>
		</dict>
		<key>E31D9B1B1CD80B0700A80FBC</key>
		<dict>
			<key>baseConfigurationReference</key>
			<string>0D834BD5E48D6C08BDE0B323</string>
			<key>buildSettings</key>
			<dict>
				<key>ASSETCATALOG_COMPILER_APPICON_NAME</key>
				<string>AppIcon</string>
				<key>CODE_SIGN_IDENTITY</key>
				<string>iPhone Distribution: J&#233;r&#233;my Broutin (4QSA42CC68)</string>
				<key>CODE_SIGN_IDENTITY[sdk=iphoneos*]</key>
				<string>iPhone Distribution: J&#233;r&#233;my Broutin (4QSA42CC68)</string>
				<key>INFOPLIST_FILE</key>
				<string>Photorama/Info.plist</string>
				<key>LD_RUNPATH_SEARCH_PATHS</key>
				<string>$(inherited) @executable_path/Frameworks</string>
				<key>PRODUCT_BUNDLE_IDENTIFIER</key>
				<string>com.jeremybroutin.photorama</string>
				<key>PRODUCT_NAME</key>
				<string>$(TARGET_NAME)</string>
				<key>PROVISIONING_PROFILE</key>
				<string></string>
				<key>TARGETED_DEVICE_FAMILY</key>
				<string>1</string>
			</dict>
			<key>isa</key>
			<string>XCBuildConfiguration</string>
			<key>name</key>
			<string>Release</string>
		</dict>
		<key>E31D9B1C1CD80B0700A80FBC</key>
		<dict>
			<key>buildConfigurations</key>
			<array>
				<string>E31D9B1D1CD80B0700A80FBC</string>
				<string>E31D9B1E1CD80B0700A80FBC</string>
			</array>
			<key>defaultConfigurationIsVisible</key>
			<string>0</string>
			<key>defaultConfigurationName</key>
			<string>Release</string>
			<key>isa</key>
			<string>XCConfigurationList</string>
		</dict>
		<key>E31D9B1D1CD80B0700A80FBC</key>
		<dict>
			<key>buildSettings</key>
			<dict>
				<key>BUNDLE_LOADER</key>
				<string>$(TEST_HOST)</string>
				<key>INFOPLIST_FILE</key>
				<string>PhotoramaTests/Info.plist</string>
				<key>LD_RUNPATH_SEARCH_PATHS</key>
				<string>$(inherited) @executable_path/Frameworks @loader_path/Frameworks</string>
				<key>PRODUCT_BUNDLE_IDENTIFIER</key>
				<string>com.jeremybroutin.PhotoramaTests</string>
				<key>PRODUCT_NAME</key>
				<string>$(TARGET_NAME)</string>
				<key>TEST_HOST</key>
				<string>$(BUILT_PRODUCTS_DIR)/Photorama.app/Photorama</string>
			</dict>
			<key>isa</key>
			<string>XCBuildConfiguration</string>
			<key>name</key>
			<string>Debug</string>
		</dict>
		<key>E31D9B1E1CD80B0700A80FBC</key>
		<dict>
			<key>buildSettings</key>
			<dict>
				<key>BUNDLE_LOADER</key>
				<string>$(TEST_HOST)</string>
				<key>INFOPLIST_FILE</key>
				<string>PhotoramaTests/Info.plist</string>
				<key>LD_RUNPATH_SEARCH_PATHS</key>
				<string>$(inherited) @executable_path/Frameworks @loader_path/Frameworks</string>
				<key>PRODUCT_BUNDLE_IDENTIFIER</key>
				<string>com.jeremybroutin.PhotoramaTests</string>
				<key>PRODUCT_NAME</key>
				<string>$(TARGET_NAME)</string>
				<key>TEST_HOST</key>
				<string>$(BUILT_PRODUCTS_DIR)/Photorama.app/Photorama</string>
			</dict>
			<key>isa</key>
			<string>XCBuildConfiguration</string>
			<key>name</key>
			<string>Release</string>
		</dict>
		<key>E31D9B1F1CD80B0700A80FBC</key>
		<dict>
			<key>buildConfigurations</key>
			<array>
				<string>E31D9B201CD80B0700A80FBC</string>
				<string>E31D9B211CD80B0700A80FBC</string>
			</array>
			<key>defaultConfigurationIsVisible</key>
			<string>0</string>
			<key>defaultConfigurationName</key>
			<string>Release</string>
			<key>isa</key>
			<string>XCConfigurationList</string>
		</dict>
		<key>E31D9B201CD80B0700A80FBC</key>
		<dict>
			<key>buildSettings</key>
			<dict>
				<key>INFOPLIST_FILE</key>
				<string>PhotoramaUITests/Info.plist</string>
				<key>LD_RUNPATH_SEARCH_PATHS</key>
				<string>$(inherited) @executable_path/Frameworks @loader_path/Frameworks</string>
				<key>PRODUCT_BUNDLE_IDENTIFIER</key>
				<string>com.jeremybroutin.PhotoramaUITests</string>
				<key>PRODUCT_NAME</key>
				<string>$(TARGET_NAME)</string>
				<key>TEST_TARGET_NAME</key>
				<string>Photorama</string>
			</dict>
			<key>isa</key>
			<string>XCBuildConfiguration</string>
			<key>name</key>
			<string>Debug</string>
		</dict>
		<key>E31D9B211CD80B0700A80FBC</key>
		<dict>
			<key>buildSettings</key>
			<dict>
				<key>INFOPLIST_FILE</key>
				<string>PhotoramaUITests/Info.plist</string>
				<key>LD_RUNPATH_SEARCH_PATHS</key>
				<string>$(inherited) @executable_path/Frameworks @loader_path/Frameworks</string>
				<key>PRODUCT_BUNDLE_IDENTIFIER</key>
				<string>com.jeremybroutin.PhotoramaUITests</string>
				<key>PRODUCT_NAME</key>
				<string>$(TARGET_NAME)</string>
				<key>TEST_TARGET_NAME</key>
				<string>Photorama</string>
			</dict>
			<key>isa</key>
			<string>XCBuildConfiguration</string>
			<key>name</key>
			<string>Release</string>
		</dict>
		<key>E31D9B221CD80B5F00A80FBC</key>
		<dict>
			<key>fileEncoding</key>
			<string>4</string>
			<key>isa</key>
			<string>PBXFileReference</string>
			<key>lastKnownFileType</key>
			<string>sourcecode.swift</string>
			<key>path</key>
			<string>PhotosViewController.swift</string>
			<key>sourceTree</key>
			<string>&lt;group&gt;</string>
		</dict>
		<key>E31D9B231CD80B5F00A80FBC</key>
		<dict>
			<key>fileRef</key>
			<string>E31D9B221CD80B5F00A80FBC</string>
			<key>isa</key>
			<string>PBXBuildFile</string>
		</dict>
		<key>E31D9B241CD80CA900A80FBC</key>
		<dict>
			<key>fileEncoding</key>
			<string>4</string>
			<key>isa</key>
			<string>PBXFileReference</string>
			<key>lastKnownFileType</key>
			<string>sourcecode.swift</string>
			<key>path</key>
			<string>FlickrAPI.swift</string>
			<key>sourceTree</key>
			<string>&lt;group&gt;</string>
		</dict>
		<key>E31D9B251CD80CA900A80FBC</key>
		<dict>
			<key>fileRef</key>
			<string>E31D9B241CD80CA900A80FBC</string>
			<key>isa</key>
			<string>PBXBuildFile</string>
		</dict>
		<key>E31D9B261CD8112E00A80FBC</key>
		<dict>
			<key>fileEncoding</key>
			<string>4</string>
			<key>isa</key>
			<string>PBXFileReference</string>
			<key>lastKnownFileType</key>
			<string>sourcecode.swift</string>
			<key>path</key>
			<string>PhotoStore.swift</string>
			<key>sourceTree</key>
			<string>&lt;group&gt;</string>
		</dict>
		<key>E31D9B271CD8112E00A80FBC</key>
		<dict>
			<key>fileRef</key>
			<string>E31D9B261CD8112E00A80FBC</string>
			<key>isa</key>
			<string>PBXBuildFile</string>
		</dict>
		<key>E31D9B691CD976D200A80FBC</key>
		<dict>
			<key>fileEncoding</key>
			<string>4</string>
			<key>isa</key>
			<string>PBXFileReference</string>
			<key>lastKnownFileType</key>
			<string>sourcecode.swift</string>
			<key>path</key>
			<string>PhotoDataSource.swift</string>
			<key>sourceTree</key>
			<string>&lt;group&gt;</string>
		</dict>
		<key>E31D9B6A1CD976D200A80FBC</key>
		<dict>
			<key>fileRef</key>
			<string>E31D9B691CD976D200A80FBC</string>
			<key>isa</key>
			<string>PBXBuildFile</string>
		</dict>
		<key>E31D9B6B1CD97A5A00A80FBC</key>
		<dict>
			<key>fileEncoding</key>
			<string>4</string>
			<key>isa</key>
			<string>PBXFileReference</string>
			<key>lastKnownFileType</key>
			<string>sourcecode.swift</string>
			<key>path</key>
			<string>PhotoCollectionViewCell.swift</string>
			<key>sourceTree</key>
			<string>&lt;group&gt;</string>
		</dict>
		<key>E31D9B6C1CD97A5A00A80FBC</key>
		<dict>
			<key>fileRef</key>
			<string>E31D9B6B1CD97A5A00A80FBC</string>
			<key>isa</key>
			<string>PBXBuildFile</string>
		</dict>
		<key>E326E1B11CE69F6A006BF211</key>
		<dict>
			<key>fileEncoding</key>
			<string>4</string>
			<key>isa</key>
			<string>PBXFileReference</string>
			<key>lastKnownFileType</key>
			<string>sourcecode.swift</string>
			<key>path</key>
			<string>ImageStore.swift</string>
			<key>sourceTree</key>
			<string>&lt;group&gt;</string>
		</dict>
		<key>E326E1B21CE69F6A006BF211</key>
		<dict>
			<key>fileRef</key>
			<string>E326E1B11CE69F6A006BF211</string>
			<key>isa</key>
			<string>PBXBuildFile</string>
		</dict>
		<key>E326E1B31CE6A264006BF211</key>
		<dict>
			<key>fileEncoding</key>
			<string>4</string>
			<key>isa</key>
			<string>PBXFileReference</string>
			<key>lastKnownFileType</key>
			<string>sourcecode.swift</string>
			<key>path</key>
			<string>Photo+CoreDataProperties.swift</string>
			<key>sourceTree</key>
			<string>&lt;group&gt;</string>
		</dict>
		<key>E326E1B41CE6A264006BF211</key>
		<dict>
			<key>fileRef</key>
			<string>E326E1B31CE6A264006BF211</string>
			<key>isa</key>
			<string>PBXBuildFile</string>
		</dict>
		<key>E33AEB8A1D528F1B00AEEF40</key>
		<dict>
			<key>fileEncoding</key>
			<string>4</string>
			<key>isa</key>
			<string>PBXFileReference</string>
			<key>lastKnownFileType</key>
			<string>sourcecode.swift</string>
			<key>path</key>
			<string>HelloView.swift</string>
			<key>sourceTree</key>
			<string>&lt;group&gt;</string>
		</dict>
		<key>E33AEB8B1D528F1B00AEEF40</key>
		<dict>
			<key>fileRef</key>
			<string>E33AEB8A1D528F1B00AEEF40</string>
			<key>isa</key>
			<string>PBXBuildFile</string>
		</dict>
		<key>E33AEB8C1D52B7D600AEEF40</key>
		<dict>
			<key>fileEncoding</key>
			<string>4</string>
			<key>isa</key>
			<string>PBXFileReference</string>
			<key>lastKnownFileType</key>
			<string>sourcecode.swift</string>
			<key>path</key>
			<string>TagsViewController.swift</string>
			<key>sourceTree</key>
			<string>&lt;group&gt;</string>
		</dict>
		<key>E33AEB8D1D52B7D600AEEF40</key>
		<dict>
			<key>fileRef</key>
			<string>E33AEB8C1D52B7D600AEEF40</string>
			<key>isa</key>
			<string>PBXBuildFile</string>
		</dict>
		<key>E33AEB8E1D52B84B00AEEF40</key>
		<dict>
			<key>fileEncoding</key>
			<string>4</string>
			<key>isa</key>
			<string>PBXFileReference</string>
			<key>lastKnownFileType</key>
			<string>sourcecode.swift</string>
			<key>path</key>
			<string>TagDataSource.swift</string>
			<key>sourceTree</key>
			<string>&lt;group&gt;</string>
		</dict>
		<key>E33AEB8F1D52B84B00AEEF40</key>
		<dict>
			<key>fileRef</key>
			<string>E33AEB8E1D52B84B00AEEF40</string>
			<key>isa</key>
			<string>PBXBuildFile</string>
		</dict>
		<key>E3E9866E1CE156440085C233</key>
		<dict>
			<key>fileEncoding</key>
			<string>4</string>
			<key>isa</key>
			<string>PBXFileReference</string>
			<key>lastKnownFileType</key>
			<string>sourcecode.swift</string>
			<key>path</key>
			<string>PhotoInfoViewController.swift</string>
			<key>sourceTree</key>
			<string>&lt;group&gt;</string>
		</dict>
		<key>E3E9866F1CE156440085C233</key>
		<dict>
			<key>fileRef</key>
			<string>E3E9866E1CE156440085C233</string>
			<key>isa</key>
			<string>PBXBuildFile</string>
		</dict>
		<key>E3E986711CE3ED050085C233</key>
		<dict>
			<key>fileEncoding</key>
			<string>4</string>
			<key>isa</key>
			<string>PBXFileReference</string>
			<key>lastKnownFileType</key>
			<string>sourcecode.swift</string>
			<key>path</key>
			<string>Photo.swift</string>
			<key>sourceTree</key>
			<string>&lt;group&gt;</string>
		</dict>
		<key>E3E986731CE3ED050085C233</key>
		<dict>
			<key>fileRef</key>
			<string>E3E986711CE3ED050085C233</string>
			<key>isa</key>
			<string>PBXBuildFile</string>
		</dict>
		<key>E3E986741CE3EF520085C233</key>
		<dict>
			<key>fileEncoding</key>
			<string>4</string>
			<key>isa</key>
			<string>PBXFileReference</string>
			<key>lastKnownFileType</key>
			<string>sourcecode.swift</string>
			<key>path</key>
			<string>CoreDataStack.swift</string>
			<key>sourceTree</key>
			<string>&lt;group&gt;</string>
		</dict>
		<key>E3E986751CE3EF520085C233</key>
		<dict>
			<key>fileRef</key>
			<string>E3E986741CE3EF520085C233</string>
			<key>isa</key>
			<string>PBXBuildFile</string>
		</dict>
	</dict>
	<key>rootObject</key>
	<string>E31D9AE61CD80B0700A80FBC</string>
</dict>
</plist>
